
Microsoft Visual Studio Solution File, Format Version 12.00
# Visual Studio Version 16
VisualStudioVersion = 16.0.33027.164
MinimumVisualStudioVersion = 10.0.40219.1
Project("{FAE04EC0-301F-11D3-BF4B-00C04F79EFBC}") = "Emeliyanenko_2_1_v12", "Emeliyanenko_2_1_v12\Emeliyanenko_2_1_v12.csproj", "{926996E3-7A4A-4AAF-9692-40AB2205E55E}"
EndProject
Global
	GlobalSection(SolutionConfigurationPlatforms) = preSolution
		Debug|Any CPU = Debug|Any CPU
		Release|Any CPU = Release|Any CPU
	EndGlobalSection
	GlobalSection(ProjectConfigurationPlatforms) = postSolution
		{926996E3-7A4A-4AAF-9692-40AB2205E55E}.Debug|Any CPU.ActiveCfg = Debug|Any CPU
		{926996E3-7A4A-4AAF-9692-40AB2205E55E}.Debug|Any CPU.Build.0 = Debug|Any CPU
		{926996E3-7A4A-4AAF-9692-40AB2205E55E}.Release|Any CPU.ActiveCfg = Release|Any CPU
		{926996E3-7A4A-4AAF-9692-40AB2205E55E}.Release|Any CPU.Build.0 = Release|Any CPU
	EndGlobalSection
	GlobalSection(SolutionProperties) = preSolution
		HideSolutionNode = FALSE
	EndGlobalSection
	GlobalSection(ExtensibilityGlobals) = postSolution
		SolutionGuid = {AEAF89B1-2181-4CF0-BC05-F8CA1710DE65}
	EndGlobalSection
EndGlobal
